
Microsoft Visual Studio Solution File, Format Version 12.00
# Visual Studio Version 17
VisualStudioVersion = 17.7.34031.279
MinimumVisualStudioVersion = 10.0.40219.1
Project("{9A19103F-16F7-4668-BE54-9A1E7A4F7556}") = "Lab2_unit_testing", "Lab2_unit_testing.csproj", "{37A4CD12-0A43-4547-A2E5-9523D9B340CF}"
EndProject
Project("{9A19103F-16F7-4668-BE54-9A1E7A4F7556}") = "MyDynamicMassiveTests", "..\MyDynamicMassiveTests\MyDynamicMassiveTests.csproj", "{4A5DE5B1-73ED-4370-833E-DC82E861FD5E}"
EndProject
Global
	GlobalSection(SolutionConfigurationPlatforms) = preSolution
		Debug|Any CPU = Debug|Any CPU
		Release|Any CPU = Release|Any CPU
	EndGlobalSection
	GlobalSection(ProjectConfigurationPlatforms) = postSolution
		{37A4CD12-0A43-4547-A2E5-9523D9B340CF}.Debug|Any CPU.ActiveCfg = Debug|Any CPU
		{37A4CD12-0A43-4547-A2E5-9523D9B340CF}.Debug|Any CPU.Build.0 = Debug|Any CPU
		{37A4CD12-0A43-4547-A2E5-9523D9B340CF}.Release|Any CPU.ActiveCfg = Release|Any CPU
		{37A4CD12-0A43-4547-A2E5-9523D9B340CF}.Release|Any CPU.Build.0 = Release|Any CPU
		{4A5DE5B1-73ED-4370-833E-DC82E861FD5E}.Debug|Any CPU.ActiveCfg = Debug|Any CPU
		{4A5DE5B1-73ED-4370-833E-DC82E861FD5E}.Debug|Any CPU.Build.0 = Debug|Any CPU
		{4A5DE5B1-73ED-4370-833E-DC82E861FD5E}.Release|Any CPU.ActiveCfg = Release|Any CPU
		{4A5DE5B1-73ED-4370-833E-DC82E861FD5E}.Release|Any CPU.Build.0 = Release|Any CPU
	EndGlobalSection
	GlobalSection(SolutionProperties) = preSolution
		HideSolutionNode = FALSE
	EndGlobalSection
	GlobalSection(ExtensibilityGlobals) = postSolution
		SolutionGuid = {A8FE3601-02E2-4BE9-8299-891979D19AB8}
	EndGlobalSection
EndGlobal
